
Microsoft Visual Studio Solution File, Format Version 12.00
# Visual Studio 14
VisualStudioVersion = 14.0.25420.1
MinimumVisualStudioVersion = 10.0.40219.1
Project("{FAE04EC0-301F-11D3-BF4B-00C04F79EFBC}") = "ReportEngine", "PMSToolControls\ReportEngine\ReportEngine\ReportEngine.csproj", "{AF281CF4-2C0E-49E6-B740-829A3D80BCE8}"
EndProject
Project("{FAE04EC0-301F-11D3-BF4B-00C04F79EFBC}") = "DesignerLib", "DesignerLib\DesignerLib.csproj", "{90A4D424-B4D8-4D6C-9C77-C225DC55C599}"
EndProject
Project("{FAE04EC0-301F-11D3-BF4B-00C04F79EFBC}") = "ECharts", "ECharts\ECharts.csproj", "{653DE17A-F178-46F8-8E47-2D7586883E32}"
EndProject
Project("{FAE04EC0-301F-11D3-BF4B-00C04F79EFBC}") = "Host", "Host\Host.csproj", "{0B007B04-EAA6-419C-BDA0-6C394D0DC485}"
EndProject
Project("{FAE04EC0-301F-11D3-BF4B-00C04F79EFBC}") = "HtmlTags", "HtmlTags\HtmlTags.csproj", "{F01C84F2-6E41-404C-AC8D-BF189A9EC05B}"
EndProject
Project("{FAE04EC0-301F-11D3-BF4B-00C04F79EFBC}") = "Loader", "Loader\Loader.csproj", "{35446B57-9AC5-4DDB-9D65-16D6DFF39C04}"
EndProject
Project("{FAE04EC0-301F-11D3-BF4B-00C04F79EFBC}") = "MESPublicInterface", "MESPublicInterface\MESPublicInterface.csproj", "{5A8061E9-58DF-44FA-A983-85813A8ABA10}"
EndProject
Project("{FAE04EC0-301F-11D3-BF4B-00C04F79EFBC}") = "MESReportRun", "MESReportRun\MESReportRun.csproj", "{F8158BA8-F643-4E41-A55C-38C1882B0CDC}"
EndProject
Project("{FAE04EC0-301F-11D3-BF4B-00C04F79EFBC}") = "MESReportServer", "MESReportServer\MESReportServer.csproj", "{6FA738F2-B458-4B66-87D7-4A65EF2DF6EB}"
EndProject
Project("{FAE04EC0-301F-11D3-BF4B-00C04F79EFBC}") = "PMSChart", "PMSChart\PMSChart.csproj", "{8F24501F-FB47-4616-ADCB-4E65F50523F0}"
EndProject
Project("{FAE04EC0-301F-11D3-BF4B-00C04F79EFBC}") = "PmsPublicData", "PmsPublicData\PmsPublicData.csproj", "{7E954C96-CCD4-4D7A-9C62-BC87609A6EF1}"
EndProject
Project("{FAE04EC0-301F-11D3-BF4B-00C04F79EFBC}") = "PMSPublicInfo", "PMSPublicInfo\PMSPublicInfo.csproj", "{A63C94FE-0F3D-4580-BC15-E78D8A790F32}"
EndProject
Project("{FAE04EC0-301F-11D3-BF4B-00C04F79EFBC}") = "PmsReportControls", "PmsReport\PmsReportControls.csproj", "{8B2D4BFA-37D5-4E33-9B8A-7DF35E2CD963}"
EndProject
Global
	GlobalSection(SolutionConfigurationPlatforms) = preSolution
		Debug|Any CPU = Debug|Any CPU
		Debug|x64 = Debug|x64
		Debug|x86 = Debug|x86
		Release|Any CPU = Release|Any CPU
		Release|x64 = Release|x64
		Release|x86 = Release|x86
	EndGlobalSection
	GlobalSection(ProjectConfigurationPlatforms) = postSolution
		{AF281CF4-2C0E-49E6-B740-829A3D80BCE8}.Debug|Any CPU.ActiveCfg = Debug|Any CPU
		{AF281CF4-2C0E-49E6-B740-829A3D80BCE8}.Debug|Any CPU.Build.0 = Debug|Any CPU
		{AF281CF4-2C0E-49E6-B740-829A3D80BCE8}.Debug|x64.ActiveCfg = Debug|Any CPU
		{AF281CF4-2C0E-49E6-B740-829A3D80BCE8}.Debug|x64.Build.0 = Debug|Any CPU
		{AF281CF4-2C0E-49E6-B740-829A3D80BCE8}.Debug|x86.ActiveCfg = Debug|Any CPU
		{AF281CF4-2C0E-49E6-B740-829A3D80BCE8}.Debug|x86.Build.0 = Debug|Any CPU
		{AF281CF4-2C0E-49E6-B740-829A3D80BCE8}.Release|Any CPU.ActiveCfg = Release|Any CPU
		{AF281CF4-2C0E-49E6-B740-829A3D80BCE8}.Release|Any CPU.Build.0 = Release|Any CPU
		{AF281CF4-2C0E-49E6-B740-829A3D80BCE8}.Release|x64.ActiveCfg = Release|Any CPU
		{AF281CF4-2C0E-49E6-B740-829A3D80BCE8}.Release|x64.Build.0 = Release|Any CPU
		{AF281CF4-2C0E-49E6-B740-829A3D80BCE8}.Release|x86.ActiveCfg = Release|Any CPU
		{AF281CF4-2C0E-49E6-B740-829A3D80BCE8}.Release|x86.Build.0 = Release|Any CPU
		{90A4D424-B4D8-4D6C-9C77-C225DC55C599}.Debug|Any CPU.ActiveCfg = Debug|Any CPU
		{90A4D424-B4D8-4D6C-9C77-C225DC55C599}.Debug|Any CPU.Build.0 = Debug|Any CPU
		{90A4D424-B4D8-4D6C-9C77-C225DC55C599}.Debug|x64.ActiveCfg = Debug|x86
		{90A4D424-B4D8-4D6C-9C77-C225DC55C599}.Debug|x86.ActiveCfg = Debug|x86
		{90A4D424-B4D8-4D6C-9C77-C225DC55C599}.Debug|x86.Build.0 = Debug|x86
		{90A4D424-B4D8-4D6C-9C77-C225DC55C599}.Release|Any CPU.ActiveCfg = Release|Any CPU
		{90A4D424-B4D8-4D6C-9C77-C225DC55C599}.Release|Any CPU.Build.0 = Release|Any CPU
		{90A4D424-B4D8-4D6C-9C77-C225DC55C599}.Release|x64.ActiveCfg = Release|x86
		{90A4D424-B4D8-4D6C-9C77-C225DC55C599}.Release|x86.ActiveCfg = Release|x86
		{90A4D424-B4D8-4D6C-9C77-C225DC55C599}.Release|x86.Build.0 = Release|x86
		{653DE17A-F178-46F8-8E47-2D7586883E32}.Debug|Any CPU.ActiveCfg = Debug|Any CPU
		{653DE17A-F178-46F8-8E47-2D7586883E32}.Debug|Any CPU.Build.0 = Debug|Any CPU
		{653DE17A-F178-46F8-8E47-2D7586883E32}.Debug|x64.ActiveCfg = Debug|Any CPU
		{653DE17A-F178-46F8-8E47-2D7586883E32}.Debug|x64.Build.0 = Debug|Any CPU
		{653DE17A-F178-46F8-8E47-2D7586883E32}.Debug|x86.ActiveCfg = Debug|Any CPU
		{653DE17A-F178-46F8-8E47-2D7586883E32}.Debug|x86.Build.0 = Debug|Any CPU
		{653DE17A-F178-46F8-8E47-2D7586883E32}.Release|Any CPU.ActiveCfg = Release|Any CPU
		{653DE17A-F178-46F8-8E47-2D7586883E32}.Release|Any CPU.Build.0 = Release|Any CPU
		{653DE17A-F178-46F8-8E47-2D7586883E32}.Release|x64.ActiveCfg = Release|Any CPU
		{653DE17A-F178-46F8-8E47-2D7586883E32}.Release|x64.Build.0 = Release|Any CPU
		{653DE17A-F178-46F8-8E47-2D7586883E32}.Release|x86.ActiveCfg = Release|Any CPU
		{653DE17A-F178-46F8-8E47-2D7586883E32}.Release|x86.Build.0 = Release|Any CPU
		{0B007B04-EAA6-419C-BDA0-6C394D0DC485}.Debug|Any CPU.ActiveCfg = Debug|Any CPU
		{0B007B04-EAA6-419C-BDA0-6C394D0DC485}.Debug|Any CPU.Build.0 = Debug|Any CPU
		{0B007B04-EAA6-419C-BDA0-6C394D0DC485}.Debug|x64.ActiveCfg = Debug|x64
		{0B007B04-EAA6-419C-BDA0-6C394D0DC485}.Debug|x64.Build.0 = Debug|x64
		{0B007B04-EAA6-419C-BDA0-6C394D0DC485}.Debug|x86.ActiveCfg = Debug|Any CPU
		{0B007B04-EAA6-419C-BDA0-6C394D0DC485}.Debug|x86.Build.0 = Debug|Any CPU
		{0B007B04-EAA6-419C-BDA0-6C394D0DC485}.Release|Any CPU.ActiveCfg = Release|Any CPU
		{0B007B04-EAA6-419C-BDA0-6C394D0DC485}.Release|Any CPU.Build.0 = Release|Any CPU
		{0B007B04-EAA6-419C-BDA0-6C394D0DC485}.Release|x64.ActiveCfg = Release|x64
		{0B007B04-EAA6-419C-BDA0-6C394D0DC485}.Release|x64.Build.0 = Release|x64
		{0B007B04-EAA6-419C-BDA0-6C394D0DC485}.Release|x86.ActiveCfg = Release|Any CPU
		{0B007B04-EAA6-419C-BDA0-6C394D0DC485}.Release|x86.Build.0 = Release|Any CPU
		{F01C84F2-6E41-404C-AC8D-BF189A9EC05B}.Debug|Any CPU.ActiveCfg = Debug|Any CPU
		{F01C84F2-6E41-404C-AC8D-BF189A9EC05B}.Debug|Any CPU.Build.0 = Debug|Any CPU
		{F01C84F2-6E41-404C-AC8D-BF189A9EC05B}.Debug|x64.ActiveCfg = Debug|Any CPU
		{F01C84F2-6E41-404C-AC8D-BF189A9EC05B}.Debug|x64.Build.0 = Debug|Any CPU
		{F01C84F2-6E41-404C-AC8D-BF189A9EC05B}.Debug|x86.ActiveCfg = Debug|Any CPU
		{F01C84F2-6E41-404C-AC8D-BF189A9EC05B}.Debug|x86.Build.0 = Debug|Any CPU
		{F01C84F2-6E41-404C-AC8D-BF189A9EC05B}.Release|Any CPU.ActiveCfg = Release|Any CPU
		{F01C84F2-6E41-404C-AC8D-BF189A9EC05B}.Release|Any CPU.Build.0 = Release|Any CPU
		{F01C84F2-6E41-404C-AC8D-BF189A9EC05B}.Release|x64.ActiveCfg = Release|Any CPU
		{F01C84F2-6E41-404C-AC8D-BF189A9EC05B}.Release|x64.Build.0 = Release|Any CPU
		{F01C84F2-6E41-404C-AC8D-BF189A9EC05B}.Release|x86.ActiveCfg = Release|Any CPU
		{F01C84F2-6E41-404C-AC8D-BF189A9EC05B}.Release|x86.Build.0 = Release|Any CPU
		{35446B57-9AC5-4DDB-9D65-16D6DFF39C04}.Debug|Any CPU.ActiveCfg = Debug|Any CPU
		{35446B57-9AC5-4DDB-9D65-16D6DFF39C04}.Debug|Any CPU.Build.0 = Debug|Any CPU
		{35446B57-9AC5-4DDB-9D65-16D6DFF39C04}.Debug|x64.ActiveCfg = Debug|x64
		{35446B57-9AC5-4DDB-9D65-16D6DFF39C04}.Debug|x64.Build.0 = Debug|x64
		{35446B57-9AC5-4DDB-9D65-16D6DFF39C04}.Debug|x86.ActiveCfg = Debug|Any CPU
		{35446B57-9AC5-4DDB-9D65-16D6DFF39C04}.Debug|x86.Build.0 = Debug|Any CPU
		{35446B57-9AC5-4DDB-9D65-16D6DFF39C04}.Release|Any CPU.ActiveCfg = Release|Any CPU
		{35446B57-9AC5-4DDB-9D65-16D6DFF39C04}.Release|Any CPU.Build.0 = Release|Any CPU
		{35446B57-9AC5-4DDB-9D65-16D6DFF39C04}.Release|x64.ActiveCfg = Release|x64
		{35446B57-9AC5-4DDB-9D65-16D6DFF39C04}.Release|x64.Build.0 = Release|x64
		{35446B57-9AC5-4DDB-9D65-16D6DFF39C04}.Release|x86.ActiveCfg = Release|Any CPU
		{35446B57-9AC5-4DDB-9D65-16D6DFF39C04}.Release|x86.Build.0 = Release|Any CPU
		{5A8061E9-58DF-44FA-A983-85813A8ABA10}.Debug|Any CPU.ActiveCfg = Debug|Any CPU
		{5A8061E9-58DF-44FA-A983-85813A8ABA10}.Debug|Any CPU.Build.0 = Debug|Any CPU
		{5A8061E9-58DF-44FA-A983-85813A8ABA10}.Debug|x64.ActiveCfg = Debug|Any CPU
		{5A8061E9-58DF-44FA-A983-85813A8ABA10}.Debug|x64.Build.0 = Debug|Any CPU
		{5A8061E9-58DF-44FA-A983-85813A8ABA10}.Debug|x86.ActiveCfg = Debug|Any CPU
		{5A8061E9-58DF-44FA-A983-85813A8ABA10}.Debug|x86.Build.0 = Debug|Any CPU
		{5A8061E9-58DF-44FA-A983-85813A8ABA10}.Release|Any CPU.ActiveCfg = Release|Any CPU
		{5A8061E9-58DF-44FA-A983-85813A8ABA10}.Release|Any CPU.Build.0 = Release|Any CPU
		{5A8061E9-58DF-44FA-A983-85813A8ABA10}.Release|x64.ActiveCfg = Release|Any CPU
		{5A8061E9-58DF-44FA-A983-85813A8ABA10}.Release|x64.Build.0 = Release|Any CPU
		{5A8061E9-58DF-44FA-A983-85813A8ABA10}.Release|x86.ActiveCfg = Release|Any CPU
		{5A8061E9-58DF-44FA-A983-85813A8ABA10}.Release|x86.Build.0 = Release|Any CPU
		{F8158BA8-F643-4E41-A55C-38C1882B0CDC}.Debug|Any CPU.ActiveCfg = Debug|Any CPU
		{F8158BA8-F643-4E41-A55C-38C1882B0CDC}.Debug|Any CPU.Build.0 = Debug|Any CPU
		{F8158BA8-F643-4E41-A55C-38C1882B0CDC}.Debug|x64.ActiveCfg = Debug|Any CPU
		{F8158BA8-F643-4E41-A55C-38C1882B0CDC}.Debug|x64.Build.0 = Debug|Any CPU
		{F8158BA8-F643-4E41-A55C-38C1882B0CDC}.Debug|x86.ActiveCfg = Debug|Any CPU
		{F8158BA8-F643-4E41-A55C-38C1882B0CDC}.Debug|x86.Build.0 = Debug|Any CPU
		{F8158BA8-F643-4E41-A55C-38C1882B0CDC}.Release|Any CPU.ActiveCfg = Release|Any CPU
		{F8158BA8-F643-4E41-A55C-38C1882B0CDC}.Release|Any CPU.Build.0 = Release|Any CPU
		{F8158BA8-F643-4E41-A55C-38C1882B0CDC}.Release|x64.ActiveCfg = Release|Any CPU
		{F8158BA8-F643-4E41-A55C-38C1882B0CDC}.Release|x64.Build.0 = Release|Any CPU
		{F8158BA8-F643-4E41-A55C-38C1882B0CDC}.Release|x86.ActiveCfg = Release|Any CPU
		{F8158BA8-F643-4E41-A55C-38C1882B0CDC}.Release|x86.Build.0 = Release|Any CPU
		{6FA738F2-B458-4B66-87D7-4A65EF2DF6EB}.Debug|Any CPU.ActiveCfg = Debug|Any CPU
		{6FA738F2-B458-4B66-87D7-4A65EF2DF6EB}.Debug|Any CPU.Build.0 = Debug|Any CPU
		{6FA738F2-B458-4B66-87D7-4A65EF2DF6EB}.Debug|x64.ActiveCfg = Debug|Any CPU
		{6FA738F2-B458-4B66-87D7-4A65EF2DF6EB}.Debug|x64.Build.0 = Debug|Any CPU
		{6FA738F2-B458-4B66-87D7-4A65EF2DF6EB}.Debug|x86.ActiveCfg = Debug|Any CPU
		{6FA738F2-B458-4B66-87D7-4A65EF2DF6EB}.Debug|x86.Build.0 = Debug|Any CPU
		{6FA738F2-B458-4B66-87D7-4A65EF2DF6EB}.Release|Any CPU.ActiveCfg = Release|Any CPU
		{6FA738F2-B458-4B66-87D7-4A65EF2DF6EB}.Release|Any CPU.Build.0 = Release|Any CPU
		{6FA738F2-B458-4B66-87D7-4A65EF2DF6EB}.Release|x64.ActiveCfg = Release|Any CPU
		{6FA738F2-B458-4B66-87D7-4A65EF2DF6EB}.Release|x64.Build.0 = Release|Any CPU
		{6FA738F2-B458-4B66-87D7-4A65EF2DF6EB}.Release|x86.ActiveCfg = Release|Any CPU
		{6FA738F2-B458-4B66-87D7-4A65EF2DF6EB}.Release|x86.Build.0 = Release|Any CPU
		{8F24501F-FB47-4616-ADCB-4E65F50523F0}.Debug|Any CPU.ActiveCfg = Debug|Any CPU
		{8F24501F-FB47-4616-ADCB-4E65F50523F0}.Debug|Any CPU.Build.0 = Debug|Any CPU
		{8F24501F-FB47-4616-ADCB-4E65F50523F0}.Debug|x64.ActiveCfg = Debug|Any CPU
		{8F24501F-FB47-4616-ADCB-4E65F50523F0}.Debug|x64.Build.0 = Debug|Any CPU
		{8F24501F-FB47-4616-ADCB-4E65F50523F0}.Debug|x86.ActiveCfg = Debug|Any CPU
		{8F24501F-FB47-4616-ADCB-4E65F50523F0}.Debug|x86.Build.0 = Debug|Any CPU
		{8F24501F-FB47-4616-ADCB-4E65F50523F0}.Release|Any CPU.ActiveCfg = Release|Any CPU
		{8F24501F-FB47-4616-ADCB-4E65F50523F0}.Release|Any CPU.Build.0 = Release|Any CPU
		{8F24501F-FB47-4616-ADCB-4E65F50523F0}.Release|x64.ActiveCfg = Release|Any CPU
		{8F24501F-FB47-4616-ADCB-4E65F50523F0}.Release|x64.Build.0 = Release|Any CPU
		{8F24501F-FB47-4616-ADCB-4E65F50523F0}.Release|x86.ActiveCfg = Release|Any CPU
		{8F24501F-FB47-4616-ADCB-4E65F50523F0}.Release|x86.Build.0 = Release|Any CPU
		{7E954C96-CCD4-4D7A-9C62-BC87609A6EF1}.Debug|Any CPU.ActiveCfg = Debug|Any CPU
		{7E954C96-CCD4-4D7A-9C62-BC87609A6EF1}.Debug|Any CPU.Build.0 = Debug|Any CPU
		{7E954C96-CCD4-4D7A-9C62-BC87609A6EF1}.Debug|x64.ActiveCfg = Debug|Any CPU
		{7E954C96-CCD4-4D7A-9C62-BC87609A6EF1}.Debug|x64.Build.0 = Debug|Any CPU
		{7E954C96-CCD4-4D7A-9C62-BC87609A6EF1}.Debug|x86.ActiveCfg = Debug|Any CPU
		{7E954C96-CCD4-4D7A-9C62-BC87609A6EF1}.Debug|x86.Build.0 = Debug|Any CPU
		{7E954C96-CCD4-4D7A-9C62-BC87609A6EF1}.Release|Any CPU.ActiveCfg = Release|Any CPU
		{7E954C96-CCD4-4D7A-9C62-BC87609A6EF1}.Release|Any CPU.Build.0 = Release|Any CPU
		{7E954C96-CCD4-4D7A-9C62-BC87609A6EF1}.Release|x64.ActiveCfg = Release|Any CPU
		{7E954C96-CCD4-4D7A-9C62-BC87609A6EF1}.Release|x64.Build.0 = Release|Any CPU
		{7E954C96-CCD4-4D7A-9C62-BC87609A6EF1}.Release|x86.ActiveCfg = Release|Any CPU
		{7E954C96-CCD4-4D7A-9C62-BC87609A6EF1}.Release|x86.Build.0 = Release|Any CPU
		{A63C94FE-0F3D-4580-BC15-E78D8A790F32}.Debug|Any CPU.ActiveCfg = Debug|Any CPU
		{A63C94FE-0F3D-4580-BC15-E78D8A790F32}.Debug|Any CPU.Build.0 = Debug|Any CPU
		{A63C94FE-0F3D-4580-BC15-E78D8A790F32}.Debug|x64.ActiveCfg = Debug|x64
		{A63C94FE-0F3D-4580-BC15-E78D8A790F32}.Debug|x64.Build.0 = Debug|x64
		{A63C94FE-0F3D-4580-BC15-E78D8A790F32}.Debug|x86.ActiveCfg = Debug|Any CPU
		{A63C94FE-0F3D-4580-BC15-E78D8A790F32}.Debug|x86.Build.0 = Debug|Any CPU
		{A63C94FE-0F3D-4580-BC15-E78D8A790F32}.Release|Any CPU.ActiveCfg = Release|Any CPU
		{A63C94FE-0F3D-4580-BC15-E78D8A790F32}.Release|Any CPU.Build.0 = Release|Any CPU
		{A63C94FE-0F3D-4580-BC15-E78D8A790F32}.Release|x64.ActiveCfg = Release|x64
		{A63C94FE-0F3D-4580-BC15-E78D8A790F32}.Release|x64.Build.0 = Release|x64
		{A63C94FE-0F3D-4580-BC15-E78D8A790F32}.Release|x86.ActiveCfg = Release|Any CPU
		{A63C94FE-0F3D-4580-BC15-E78D8A790F32}.Release|x86.Build.0 = Release|Any CPU
		{8B2D4BFA-37D5-4E33-9B8A-7DF35E2CD963}.Debug|Any CPU.ActiveCfg = Debug|Any CPU
		{8B2D4BFA-37D5-4E33-9B8A-7DF35E2CD963}.Debug|Any CPU.Build.0 = Debug|Any CPU
		{8B2D4BFA-37D5-4E33-9B8A-7DF35E2CD963}.Debug|x64.ActiveCfg = Debug|Any CPU
		{8B2D4BFA-37D5-4E33-9B8A-7DF35E2CD963}.Debug|x64.Build.0 = Debug|Any CPU
		{8B2D4BFA-37D5-4E33-9B8A-7DF35E2CD963}.Debug|x86.ActiveCfg = Debug|Any CPU
		{8B2D4BFA-37D5-4E33-9B8A-7DF35E2CD963}.Debug|x86.Build.0 = Debug|Any CPU
		{8B2D4BFA-37D5-4E33-9B8A-7DF35E2CD963}.Release|Any CPU.ActiveCfg = Release|Any CPU
		{8B2D4BFA-37D5-4E33-9B8A-7DF35E2CD963}.Release|Any CPU.Build.0 = Release|Any CPU
		{8B2D4BFA-37D5-4E33-9B8A-7DF35E2CD963}.Release|x64.ActiveCfg = Release|Any CPU
		{8B2D4BFA-37D5-4E33-9B8A-7DF35E2CD963}.Release|x64.Build.0 = Release|Any CPU
		{8B2D4BFA-37D5-4E33-9B8A-7DF35E2CD963}.Release|x86.ActiveCfg = Release|Any CPU
		{8B2D4BFA-37D5-4E33-9B8A-7DF35E2CD963}.Release|x86.Build.0 = Release|Any CPU
	EndGlobalSection
	GlobalSection(SolutionProperties) = preSolution
		HideSolutionNode = FALSE
	EndGlobalSection
EndGlobal
